
Microsoft Visual Studio Solution File, Format Version 12.00
# Visual Studio Version 16
VisualStudioVersion = 16.0.29025.244
MinimumVisualStudioVersion = 10.0.40219.1
Project("{FAE04EC0-301F-11D3-BF4B-00C04F79EFBC}") = "Quiz App", "Quiz App.csproj", "{BA08495A-9148-46D5-BF06-E3BC4C5D7001}"
EndProject
Global
	GlobalSection(SolutionConfigurationPlatforms) = preSolution
		Debug|Any CPU = Debug|Any CPU
		Release|Any CPU = Release|Any CPU
	EndGlobalSection
	GlobalSection(ProjectConfigurationPlatforms) = postSolution
		{BA08495A-9148-46D5-BF06-E3BC4C5D7001}.Debug|Any CPU.ActiveCfg = Debug|Any CPU
		{BA08495A-9148-46D5-BF06-E3BC4C5D7001}.Debug|Any CPU.Build.0 = Debug|Any CPU
		{BA08495A-9148-46D5-BF06-E3BC4C5D7001}.Debug|Any CPU.Deploy.0 = Debug|Any CPU
		{BA08495A-9148-46D5-BF06-E3BC4C5D7001}.Release|Any CPU.ActiveCfg = Release|Any CPU
		{BA08495A-9148-46D5-BF06-E3BC4C5D7001}.Release|Any CPU.Build.0 = Release|Any CPU
		{BA08495A-9148-46D5-BF06-E3BC4C5D7001}.Release|Any CPU.Deploy.0 = Release|Any CPU
	EndGlobalSection
	GlobalSection(SolutionProperties) = preSolution
		HideSolutionNode = FALSE
	EndGlobalSection
	GlobalSection(ExtensibilityGlobals) = postSolution
		SolutionGuid = {3BDBF009-B86C-437B-85EA-7B0B3577E492}
	EndGlobalSection
EndGlobal
